
Microsoft Visual Studio Solution File, Format Version 12.00
# Visual Studio Version 16
VisualStudioVersion = 16.0.31005.135
MinimumVisualStudioVersion = 10.0.40219.1
Project("{FAE04EC0-301F-11D3-BF4B-00C04F79EFBC}") = "BugVentureUI", "BugVentureUI\BugVentureUI.csproj", "{CD10524F-2C32-484A-A829-08B5FFBCC221}"
EndProject
Project("{FAE04EC0-301F-11D3-BF4B-00C04F79EFBC}") = "BugVentureEngine", "BugVentureEngine\BugVentureEngine.csproj", "{23062C19-48AF-4A60-B582-0D0C8279D9AF}"
EndProject
Project("{2150E333-8FDC-42A3-9474-1A3956D46DE8}") = "Solution Items", "Solution Items", "{F2C7D5DE-967C-427F-A5F2-00410E302F78}"
	ProjectSection(SolutionItems) = preProject
		docs\index.md = docs\index.md
		README.md = README.md
	EndProjectSection
EndProject
Global
	GlobalSection(SolutionConfigurationPlatforms) = preSolution
		Debug|Any CPU = Debug|Any CPU
		Release|Any CPU = Release|Any CPU
	EndGlobalSection
	GlobalSection(ProjectConfigurationPlatforms) = postSolution
		{CD10524F-2C32-484A-A829-08B5FFBCC221}.Debug|Any CPU.ActiveCfg = Debug|Any CPU
		{CD10524F-2C32-484A-A829-08B5FFBCC221}.Debug|Any CPU.Build.0 = Debug|Any CPU
		{CD10524F-2C32-484A-A829-08B5FFBCC221}.Release|Any CPU.ActiveCfg = Release|Any CPU
		{CD10524F-2C32-484A-A829-08B5FFBCC221}.Release|Any CPU.Build.0 = Release|Any CPU
		{23062C19-48AF-4A60-B582-0D0C8279D9AF}.Debug|Any CPU.ActiveCfg = Debug|Any CPU
		{23062C19-48AF-4A60-B582-0D0C8279D9AF}.Debug|Any CPU.Build.0 = Debug|Any CPU
		{23062C19-48AF-4A60-B582-0D0C8279D9AF}.Release|Any CPU.ActiveCfg = Release|Any CPU
		{23062C19-48AF-4A60-B582-0D0C8279D9AF}.Release|Any CPU.Build.0 = Release|Any CPU
	EndGlobalSection
	GlobalSection(SolutionProperties) = preSolution
		HideSolutionNode = FALSE
	EndGlobalSection
	GlobalSection(ExtensibilityGlobals) = postSolution
		SolutionGuid = {596F80F3-C0A8-4916-A9B1-724ADB4BF1D5}
	EndGlobalSection
EndGlobal
